
Microsoft Visual Studio Solution File, Format Version 12.00
# Visual Studio Version 17
VisualStudioVersion = 17.0.32112.339
MinimumVisualStudioVersion = 10.0.40219.1
Project("{9A19103F-16F7-4668-BE54-9A1E7A4F7556}") = "robodoc.backend", "robodoc.backend\robodoc.backend.csproj", "{1856594A-0A4F-4C66-82ED-8910DCF6E383}"
EndProject
Project("{9A19103F-16F7-4668-BE54-9A1E7A4F7556}") = "robodoc.backend.tests", "robodoc.backend.tests\robodoc.backend.tests.csproj", "{9DA65B6F-C0A1-429C-B8C0-DB75201EEEC1}"
EndProject
Global
	GlobalSection(SolutionConfigurationPlatforms) = preSolution
		Debug|Any CPU = Debug|Any CPU
		Release|Any CPU = Release|Any CPU
	EndGlobalSection
	GlobalSection(ProjectConfigurationPlatforms) = postSolution
		{1856594A-0A4F-4C66-82ED-8910DCF6E383}.Debug|Any CPU.ActiveCfg = Debug|Any CPU
		{1856594A-0A4F-4C66-82ED-8910DCF6E383}.Debug|Any CPU.Build.0 = Debug|Any CPU
		{1856594A-0A4F-4C66-82ED-8910DCF6E383}.Release|Any CPU.ActiveCfg = Release|Any CPU
		{1856594A-0A4F-4C66-82ED-8910DCF6E383}.Release|Any CPU.Build.0 = Release|Any CPU
		{9DA65B6F-C0A1-429C-B8C0-DB75201EEEC1}.Debug|Any CPU.ActiveCfg = Debug|Any CPU
		{9DA65B6F-C0A1-429C-B8C0-DB75201EEEC1}.Debug|Any CPU.Build.0 = Debug|Any CPU
		{9DA65B6F-C0A1-429C-B8C0-DB75201EEEC1}.Release|Any CPU.ActiveCfg = Release|Any CPU
		{9DA65B6F-C0A1-429C-B8C0-DB75201EEEC1}.Release|Any CPU.Build.0 = Release|Any CPU
	EndGlobalSection
	GlobalSection(SolutionProperties) = preSolution
		HideSolutionNode = FALSE
	EndGlobalSection
	GlobalSection(ExtensibilityGlobals) = postSolution
		SolutionGuid = {09333191-E4D5-4F98-B4FC-D376C8DF435D}
	EndGlobalSection
EndGlobal
